
Microsoft Visual Studio Solution File, Format Version 12.00
# Visual Studio Version 17
VisualStudioVersion = 17.0.31903.59
MinimumVisualStudioVersion = 10.0.40219.1
Project("{FAE04EC0-301F-11D3-BF4B-00C04F79EFBC}") = "PropriedadesMetodosConstrutores", "PropriedadesMetodosConstrutores\PropriedadesMetodosConstrutores.csproj", "{040BD8AC-28D7-40F6-9F32-FA9B6515630B}"
EndProject
Project("{FAE04EC0-301F-11D3-BF4B-00C04F79EFBC}") = "ManipulandoValores", "ManipulandoValores\ManipulandoValores.csproj", "{06625C07-34FB-43D0-85B3-172EFE25E671}"
EndProject
Project("{FAE04EC0-301F-11D3-BF4B-00C04F79EFBC}") = "ExcecoesColecoes", "ExcecoesColecoes\ExcecoesColecoes.csproj", "{500C3356-BA8A-4FCF-BEE1-F4BC4632CE6B}"
EndProject
Project("{FAE04EC0-301F-11D3-BF4B-00C04F79EFBC}") = "TuplaOperadorTernarioDesconstrucao", "TuplaOperadorTernarioDesconstrucao\TuplaOperadorTernarioDesconstrucao.csproj", "{589D66DB-6D65-446C-9F08-EB6F7715DCF7}"
EndProject
Global
	GlobalSection(SolutionConfigurationPlatforms) = preSolution
		Debug|Any CPU = Debug|Any CPU
		Release|Any CPU = Release|Any CPU
	EndGlobalSection
	GlobalSection(SolutionProperties) = preSolution
		HideSolutionNode = FALSE
	EndGlobalSection
	GlobalSection(ProjectConfigurationPlatforms) = postSolution
		{040BD8AC-28D7-40F6-9F32-FA9B6515630B}.Debug|Any CPU.ActiveCfg = Debug|Any CPU
		{040BD8AC-28D7-40F6-9F32-FA9B6515630B}.Debug|Any CPU.Build.0 = Debug|Any CPU
		{040BD8AC-28D7-40F6-9F32-FA9B6515630B}.Release|Any CPU.ActiveCfg = Release|Any CPU
		{040BD8AC-28D7-40F6-9F32-FA9B6515630B}.Release|Any CPU.Build.0 = Release|Any CPU
		{06625C07-34FB-43D0-85B3-172EFE25E671}.Debug|Any CPU.ActiveCfg = Debug|Any CPU
		{06625C07-34FB-43D0-85B3-172EFE25E671}.Debug|Any CPU.Build.0 = Debug|Any CPU
		{06625C07-34FB-43D0-85B3-172EFE25E671}.Release|Any CPU.ActiveCfg = Release|Any CPU
		{06625C07-34FB-43D0-85B3-172EFE25E671}.Release|Any CPU.Build.0 = Release|Any CPU
		{500C3356-BA8A-4FCF-BEE1-F4BC4632CE6B}.Debug|Any CPU.ActiveCfg = Debug|Any CPU
		{500C3356-BA8A-4FCF-BEE1-F4BC4632CE6B}.Debug|Any CPU.Build.0 = Debug|Any CPU
		{500C3356-BA8A-4FCF-BEE1-F4BC4632CE6B}.Release|Any CPU.ActiveCfg = Release|Any CPU
		{500C3356-BA8A-4FCF-BEE1-F4BC4632CE6B}.Release|Any CPU.Build.0 = Release|Any CPU
		{589D66DB-6D65-446C-9F08-EB6F7715DCF7}.Debug|Any CPU.ActiveCfg = Debug|Any CPU
		{589D66DB-6D65-446C-9F08-EB6F7715DCF7}.Debug|Any CPU.Build.0 = Debug|Any CPU
		{589D66DB-6D65-446C-9F08-EB6F7715DCF7}.Release|Any CPU.ActiveCfg = Release|Any CPU
		{589D66DB-6D65-446C-9F08-EB6F7715DCF7}.Release|Any CPU.Build.0 = Release|Any CPU
	EndGlobalSection
EndGlobal
